
Microsoft Visual Studio Solution File, Format Version 12.00
# Visual Studio Version 16
VisualStudioVersion = 16.0.30330.147
MinimumVisualStudioVersion = 10.0.40219.1
Project("{FAE04EC0-301F-11D3-BF4B-00C04F79EFBC}") = "Задание 6", "Задание 6\Задание 6.csproj", "{9C35228D-F092-4956-965B-BFCAE6FD3F03}"
EndProject
Global
	GlobalSection(SolutionConfigurationPlatforms) = preSolution
		Debug|Any CPU = Debug|Any CPU
		Release|Any CPU = Release|Any CPU
	EndGlobalSection
	GlobalSection(ProjectConfigurationPlatforms) = postSolution
		{9C35228D-F092-4956-965B-BFCAE6FD3F03}.Debug|Any CPU.ActiveCfg = Debug|Any CPU
		{9C35228D-F092-4956-965B-BFCAE6FD3F03}.Debug|Any CPU.Build.0 = Debug|Any CPU
		{9C35228D-F092-4956-965B-BFCAE6FD3F03}.Release|Any CPU.ActiveCfg = Release|Any CPU
		{9C35228D-F092-4956-965B-BFCAE6FD3F03}.Release|Any CPU.Build.0 = Release|Any CPU
	EndGlobalSection
	GlobalSection(SolutionProperties) = preSolution
		HideSolutionNode = FALSE
	EndGlobalSection
	GlobalSection(ExtensibilityGlobals) = postSolution
		SolutionGuid = {3D55AA1A-FC51-4E97-A86F-8CBFC19E2006}
	EndGlobalSection
EndGlobal
